// !$*UTF8*$!
{
	archiveVersion = 1;
	classes = {
	};
	objectVersion = 56;
	objects = {

/* Begin PBXBuildFile section */
		98FB3B2829C2356B003DAFD7 /* main.swift in Sources */ = {isa = PBXBuildFile; fileRef = 98FB3B2729C2356B003DAFD7 /* main.swift */; };
		98FB3B3529C236B8003DAFD7 /* LeetCodeTasks_Swift_Tests.swift in Sources */ = {isa = PBXBuildFile; fileRef = 98FB3B3429C236B8003DAFD7 /* LeetCodeTasks_Swift_Tests.swift */; };
/* End PBXBuildFile section */

/* Begin PBXCopyFilesBuildPhase section */
		98FB3B2229C2356B003DAFD7 /* CopyFiles */ = {
			isa = PBXCopyFilesBuildPhase;
			buildActionMask = 2147483647;
			dstPath = /usr/share/man/man1/;
			dstSubfolderSpec = 0;
			files = (
			);
			runOnlyForDeploymentPostprocessing = 1;
		};
/* End PBXCopyFilesBuildPhase section */

/* Begin PBXFileReference section */
		98FB3B2429C2356B003DAFD7 /* LeetCodeTasks.Swift */ = {isa = PBXFileReference; explicitFileType = "compiled.mach-o.executable"; includeInIndex = 0; path = LeetCodeTasks.Swift; sourceTree = BUILT_PRODUCTS_DIR; };
		98FB3B2729C2356B003DAFD7 /* main.swift */ = {isa = PBXFileReference; lastKnownFileType = sourcecode.swift; path = main.swift; sourceTree = "<group>"; };
		98FB3B3229C236B8003DAFD7 /* LeetCodeTasks.Swift.Tests.xctest */ = {isa = PBXFileReference; explicitFileType = wrapper.cfbundle; includeInIndex = 0; path = LeetCodeTasks.Swift.Tests.xctest; sourceTree = BUILT_PRODUCTS_DIR; };
		98FB3B3429C236B8003DAFD7 /* LeetCodeTasks_Swift_Tests.swift */ = {isa = PBXFileReference; lastKnownFileType = sourcecode.swift; path = LeetCodeTasks_Swift_Tests.swift; sourceTree = "<group>"; };
/* End PBXFileReference section */

/* Begin PBXFrameworksBuildPhase section */
		98FB3B2129C2356B003DAFD7 /* Frameworks */ = {
			isa = PBXFrameworksBuildPhase;
			buildActionMask = 2147483647;
			files = (
			);
			runOnlyForDeploymentPostprocessing = 0;
		};
		98FB3B2F29C236B8003DAFD7 /* Frameworks */ = {
			isa = PBXFrameworksBuildPhase;
			buildActionMask = 2147483647;
			files = (
			);
			runOnlyForDeploymentPostprocessing = 0;
		};
/* End PBXFrameworksBuildPhase section */

/* Begin PBXGroup section */
		98FB3B1B29C2356B003DAFD7 = {
			isa = PBXGroup;
			children = (
				98FB3B2629C2356B003DAFD7 /* LeetCodeTasks.Swift */,
				98FB3B3329C236B8003DAFD7 /* LeetCodeTasks.Swift.Tests */,
				98FB3B2529C2356B003DAFD7 /* Products */,
			);
			sourceTree = "<group>";
		};
		98FB3B2529C2356B003DAFD7 /* Products */ = {
			isa = PBXGroup;
			children = (
				98FB3B2429C2356B003DAFD7 /* LeetCodeTasks.Swift */,
				98FB3B3229C236B8003DAFD7 /* LeetCodeTasks.Swift.Tests.xctest */,
			);
			name = Products;
			sourceTree = "<group>";
		};
		98FB3B2629C2356B003DAFD7 /* LeetCodeTasks.Swift */ = {
			isa = PBXGroup;
			children = (
				98FB3B2729C2356B003DAFD7 /* main.swift */,
			);
			path = LeetCodeTasks.Swift;
			sourceTree = "<group>";
		};
		98FB3B3329C236B8003DAFD7 /* LeetCodeTasks.Swift.Tests */ = {
			isa = PBXGroup;
			children = (
				98FB3B3429C236B8003DAFD7 /* LeetCodeTasks_Swift_Tests.swift */,
			);
			path = LeetCodeTasks.Swift.Tests;
			sourceTree = "<group>";
		};
/* End PBXGroup section */

/* Begin PBXNativeTarget section */
		98FB3B2329C2356B003DAFD7 /* LeetCodeTasks.Swift */ = {
			isa = PBXNativeTarget;
			buildConfigurationList = 98FB3B2B29C2356B003DAFD7 /* Build configuration list for PBXNativeTarget "LeetCodeTasks.Swift" */;
			buildPhases = (
				98FB3B2029C2356B003DAFD7 /* Sources */,
				98FB3B2129C2356B003DAFD7 /* Frameworks */,
				98FB3B2229C2356B003DAFD7 /* CopyFiles */,
			);
			buildRules = (
			);
			dependencies = (
			);
			name = LeetCodeTasks.Swift;
			productName = LeetCodeTasks.Swift;
			productReference = 98FB3B2429C2356B003DAFD7 /* LeetCodeTasks.Swift */;
			productType = "com.apple.product-type.tool";
		};
		98FB3B3129C236B8003DAFD7 /* LeetCodeTasks.Swift.Tests */ = {
			isa = PBXNativeTarget;
			buildConfigurationList = 98FB3B3629C236B8003DAFD7 /* Build configuration list for PBXNativeTarget "LeetCodeTasks.Swift.Tests" */;
			buildPhases = (
				98FB3B2E29C236B8003DAFD7 /* Sources */,
				98FB3B2F29C236B8003DAFD7 /* Frameworks */,
				98FB3B3029C236B8003DAFD7 /* Resources */,
			);
			buildRules = (
			);
			dependencies = (
			);
			name = LeetCodeTasks.Swift.Tests;
			productName = LeetCodeTasks.Swift.Tests;
			productReference = 98FB3B3229C236B8003DAFD7 /* LeetCodeTasks.Swift.Tests.xctest */;
			productType = "com.apple.product-type.bundle.unit-test";
		};
/* End PBXNativeTarget section */

/* Begin PBXProject section */
		98FB3B1C29C2356B003DAFD7 /* Project object */ = {
			isa = PBXProject;
			attributes = {
				BuildIndependentTargetsInParallel = 1;
				LastSwiftUpdateCheck = 1420;
				LastUpgradeCheck = 1420;
				TargetAttributes = {
					98FB3B2329C2356B003DAFD7 = {
						CreatedOnToolsVersion = 14.2;
					};
					98FB3B3129C236B8003DAFD7 = {
						CreatedOnToolsVersion = 14.2;
					};
				};
			};
			buildConfigurationList = 98FB3B1F29C2356B003DAFD7 /* Build configuration list for PBXProject "LeetCodeTasks.Swift" */;
			compatibilityVersion = "Xcode 14.0";
			developmentRegion = en;
			hasScannedForEncodings = 0;
			knownRegions = (
				en,
				Base,
			);
			mainGroup = 98FB3B1B29C2356B003DAFD7;
			productRefGroup = 98FB3B2529C2356B003DAFD7 /* Products */;
			projectDirPath = "";
			projectRoot = "";
			targets = (
				98FB3B2329C2356B003DAFD7 /* LeetCodeTasks.Swift */,
				98FB3B3129C236B8003DAFD7 /* LeetCodeTasks.Swift.Tests */,
			);
		};
/* End PBXProject section */

/* Begin PBXResourcesBuildPhase section */
		98FB3B3029C236B8003DAFD7 /* Resources */ = {
			isa = PBXResourcesBuildPhase;
			buildActionMask = 2147483647;
			files = (
			);
			runOnlyForDeploymentPostprocessing = 0;
		};
/* End PBXResourcesBuildPhase section */

/* Begin PBXSourcesBuildPhase section */
		98FB3B2029C2356B003DAFD7 /* Sources */ = {
			isa = PBXSourcesBuildPhase;
			buildActionMask = 2147483647;
			files = (
				98FB3B2829C2356B003DAFD7 /* main.swift in Sources */,
			);
			runOnlyForDeploymentPostprocessing = 0;
		};
		98FB3B2E29C236B8003DAFD7 /* Sources */ = {
			isa = PBXSourcesBuildPhase;
			buildActionMask = 2147483647;
			files = (
				98FB3B3529C236B8003DAFD7 /* LeetCodeTasks_Swift_Tests.swift in Sources */,
			);
			runOnlyForDeploymentPostprocessing = 0;
		};
/* End PBXSourcesBuildPhase section */

/* Begin XCBuildConfiguration section */
		98FB3B2929C2356B003DAFD7 /* Debug */ = {
			isa = XCBuildConfiguration;
			buildSettings = {
				ALWAYS_SEARCH_USER_PATHS = NO;
				CLANG_ANALYZER_NONNULL = YES;
				CLANG_ANALYZER_NUMBER_OBJECT_CONVERSION = YES_AGGRESSIVE;
				CLANG_CXX_LANGUAGE_STANDARD = "gnu++20";
				CLANG_ENABLE_MODULES = YES;
				CLANG_ENABLE_OBJC_ARC = YES;
				CLANG_ENABLE_OBJC_WEAK = YES;
				CLANG_WARN_BLOCK_CAPTURE_AUTORELEASING = YES;
				CLANG_WARN_BOOL_CONVERSION = YES;
				CLANG_WARN_COMMA = YES;
				CLANG_WARN_CONSTANT_CONVERSION = YES;
				CLANG_WARN_DEPRECATED_OBJC_IMPLEMENTATIONS = YES;
				CLANG_WARN_DIRECT_OBJC_ISA_USAGE = YES_ERROR;
				CLANG_WARN_DOCUMENTATION_COMMENTS = YES;
				CLANG_WARN_EMPTY_BODY = YES;
				CLANG_WARN_ENUM_CONVERSION = YES;
				CLANG_WARN_INFINITE_RECURSION = YES;
				CLANG_WARN_INT_CONVERSION = YES;
				CLANG_WARN_NON_LITERAL_NULL_CONVERSION = YES;
				CLANG_WARN_OBJC_IMPLICIT_RETAIN_SELF = YES;
				CLANG_WARN_OBJC_LITERAL_CONVERSION = YES;
				CLANG_WARN_OBJC_ROOT_CLASS = YES_ERROR;
				CLANG_WARN_QUOTED_INCLUDE_IN_FRAMEWORK_HEADER = YES;
				CLANG_WARN_RANGE_LOOP_ANALYSIS = YES;
				CLANG_WARN_STRICT_PROTOTYPES = YES;
				CLANG_WARN_SUSPICIOUS_MOVE = YES;
				CLANG_WARN_UNGUARDED_AVAILABILITY = YES_AGGRESSIVE;
				CLANG_WARN_UNREACHABLE_CODE = YES;
				CLANG_WARN__DUPLICATE_METHOD_MATCH = YES;
				COPY_PHASE_STRIP = NO;
				DEBUG_INFORMATION_FORMAT = dwarf;
				ENABLE_STRICT_OBJC_MSGSEND = YES;
				ENABLE_TESTABILITY = YES;
				GCC_C_LANGUAGE_STANDARD = gnu11;
				GCC_DYNAMIC_NO_PIC = NO;
				GCC_NO_COMMON_BLOCKS = YES;
				GCC_OPTIMIZATION_LEVEL = 0;
				GCC_PREPROCESSOR_DEFINITIONS = (
					"DEBUG=1",
					"$(inherited)",
				);
				GCC_WARN_64_TO_32_BIT_CONVERSION = YES;
				GCC_WARN_ABOUT_RETURN_TYPE = YES_ERROR;
				GCC_WARN_UNDECLARED_SELECTOR = YES;
				GCC_WARN_UNINITIALIZED_AUTOS = YES_AGGRESSIVE;
				GCC_WARN_UNUSED_FUNCTION = YES;
				GCC_WARN_UNUSED_VARIABLE = YES;
				MACOSX_DEPLOYMENT_TARGET = 12.6;
				MTL_ENABLE_DEBUG_INFO = INCLUDE_SOURCE;
				MTL_FAST_MATH = YES;
				ONLY_ACTIVE_ARCH = YES;
				SDKROOT = macosx;
				SWIFT_ACTIVE_COMPILATION_CONDITIONS = DEBUG;
				SWIFT_OPTIMIZATION_LEVEL = "-Onone";
			};
			name = Debug;
		};
		98FB3B2A29C2356B003DAFD7 /* Release */ = {
			isa = XCBuildConfiguration;
			buildSettings = {
				ALWAYS_SEARCH_USER_PATHS = NO;
				CLANG_ANALYZER_NONNULL = YES;
				CLANG_ANALYZER_NUMBER_OBJECT_CONVERSION = YES_AGGRESSIVE;
				CLANG_CXX_LANGUAGE_STANDARD = "gnu++20";
				CLANG_ENABLE_MODULES = YES;
				CLANG_ENABLE_OBJC_ARC = YES;
				CLANG_ENABLE_OBJC_WEAK = YES;
				CLANG_WARN_BLOCK_CAPTURE_AUTORELEASING = YES;
				CLANG_WARN_BOOL_CONVERSION = YES;
				CLANG_WARN_COMMA = YES;
				CLANG_WARN_CONSTANT_CONVERSION = YES;
				CLANG_WARN_DEPRECATED_OBJC_IMPLEMENTATIONS = YES;
				CLANG_WARN_DIRECT_OBJC_ISA_USAGE = YES_ERROR;
				CLANG_WARN_DOCUMENTATION_COMMENTS = YES;
				CLANG_WARN_EMPTY_BODY = YES;
				CLANG_WARN_ENUM_CONVERSION = YES;
				CLANG_WARN_INFINITE_RECURSION = YES;
				CLANG_WARN_INT_CONVERSION = YES;
				CLANG_WARN_NON_LITERAL_NULL_CONVERSION = YES;
				CLANG_WARN_OBJC_IMPLICIT_RETAIN_SELF = YES;
				CLANG_WARN_OBJC_LITERAL_CONVERSION = YES;
				CLANG_WARN_OBJC_ROOT_CLASS = YES_ERROR;
				CLANG_WARN_QUOTED_INCLUDE_IN_FRAMEWORK_HEADER = YES;
				CLANG_WARN_RANGE_LOOP_ANALYSIS = YES;
				CLANG_WARN_STRICT_PROTOTYPES = YES;
				CLANG_WARN_SUSPICIOUS_MOVE = YES;
				CLANG_WARN_UNGUARDED_AVAILABILITY = YES_AGGRESSIVE;
				CLANG_WARN_UNREACHABLE_CODE = YES;
				CLANG_WARN__DUPLICATE_METHOD_MATCH = YES;
				COPY_PHASE_STRIP = NO;
				DEBUG_INFORMATION_FORMAT = "dwarf-with-dsym";
				ENABLE_NS_ASSERTIONS = NO;
				ENABLE_STRICT_OBJC_MSGSEND = YES;
				GCC_C_LANGUAGE_STANDARD = gnu11;
				GCC_NO_COMMON_BLOCKS = YES;
				GCC_WARN_64_TO_32_BIT_CONVERSION = YES;
				GCC_WARN_ABOUT_RETURN_TYPE = YES_ERROR;
				GCC_WARN_UNDECLARED_SELECTOR = YES;
				GCC_WARN_UNINITIALIZED_AUTOS = YES_AGGRESSIVE;
				GCC_WARN_UNUSED_FUNCTION = YES;
				GCC_WARN_UNUSED_VARIABLE = YES;
				MACOSX_DEPLOYMENT_TARGET = 12.6;
				MTL_ENABLE_DEBUG_INFO = NO;
				MTL_FAST_MATH = YES;
				SDKROOT = macosx;
				SWIFT_COMPILATION_MODE = wholemodule;
				SWIFT_OPTIMIZATION_LEVEL = "-O";
			};
			name = Release;
		};
		98FB3B2C29C2356B003DAFD7 /* Debug */ = {
			isa = XCBuildConfiguration;
			buildSettings = {
				CODE_SIGN_STYLE = Automatic;
				DEVELOPMENT_TEAM = 8FA6F58X42;
				ENABLE_HARDENED_RUNTIME = YES;
				PRODUCT_NAME = "$(TARGET_NAME)";
				SWIFT_VERSION = 5.0;
			};
			name = Debug;
		};
		98FB3B2D29C2356B003DAFD7 /* Release */ = {
			isa = XCBuildConfiguration;
			buildSettings = {
				CODE_SIGN_STYLE = Automatic;
				DEVELOPMENT_TEAM = 8FA6F58X42;
				ENABLE_HARDENED_RUNTIME = YES;
				PRODUCT_NAME = "$(TARGET_NAME)";
				SWIFT_VERSION = 5.0;
			};
			name = Release;
		};
		98FB3B3729C236B8003DAFD7 /* Debug */ = {
			isa = XCBuildConfiguration;
			buildSettings = {
				CODE_SIGN_STYLE = Automatic;
				CURRENT_PROJECT_VERSION = 1;
				DEVELOPMENT_TEAM = 8FA6F58X42;
				GENERATE_INFOPLIST_FILE = YES;
				MARKETING_VERSION = 1.0;
				PRODUCT_BUNDLE_IDENTIFIER = "dev.LeetCodeTasks-Swift-Tests";
				PRODUCT_NAME = "$(TARGET_NAME)";
				SWIFT_EMIT_LOC_STRINGS = NO;
				SWIFT_VERSION = 5.0;
			};
			name = Debug;
		};
		98FB3B3829C236B8003DAFD7 /* Release */ = {
			isa = XCBuildConfiguration;
			buildSettings = {
				CODE_SIGN_STYLE = Automatic;
				CURRENT_PROJECT_VERSION = 1;
				DEVELOPMENT_TEAM = 8FA6F58X42;
				GENERATE_INFOPLIST_FILE = YES;
				MARKETING_VERSION = 1.0;
				PRODUCT_BUNDLE_IDENTIFIER = "dev.LeetCodeTasks-Swift-Tests";
				PRODUCT_NAME = "$(TARGET_NAME)";
				SWIFT_EMIT_LOC_STRINGS = NO;
				SWIFT_VERSION = 5.0;
			};
			name = Release;
		};
/* End XCBuildConfiguration section */

/* Begin XCConfigurationList section */
		98FB3B1F29C2356B003DAFD7 /* Build configuration list for PBXProject "LeetCodeTasks.Swift" */ = {
			isa = XCConfigurationList;
			buildConfigurations = (
				98FB3B2929C2356B003DAFD7 /* Debug */,
				98FB3B2A29C2356B003DAFD7 /* Release */,
			);
			defaultConfigurationIsVisible = 0;
			defaultConfigurationName = Release;
		};
		98FB3B2B29C2356B003DAFD7 /* Build configuration list for PBXNativeTarget "LeetCodeTasks.Swift" */ = {
			isa = XCConfigurationList;
			buildConfigurations = (
				98FB3B2C29C2356B003DAFD7 /* Debug */,
				98FB3B2D29C2356B003DAFD7 /* Release */,
			);
			defaultConfigurationIsVisible = 0;
			defaultConfigurationName = Release;
		};
		98FB3B3629C236B8003DAFD7 /* Build configuration list for PBXNativeTarget "LeetCodeTasks.Swift.Tests" */ = {
			isa = XCConfigurationList;
			buildConfigurations = (
				98FB3B3729C236B8003DAFD7 /* Debug */,
				98FB3B3829C236B8003DAFD7 /* Release */,
			);
			defaultConfigurationIsVisible = 0;
			defaultConfigurationName = Release;
		};
/* End XCConfigurationList section */
	};
	rootObject = 98FB3B1C29C2356B003DAFD7 /* Project object */;
}
