// !$*UTF8*$!
{
	archiveVersion = 1;
	classes = {
	};
	objectVersion = 56;
	objects = {

/* Begin PBXBuildFile section */
		9852E5AF2A731CA500E49335 /* main.swift in Sources */ = {isa = PBXBuildFile; fileRef = 9852E5AE2A731CA500E49335 /* main.swift */; };
		9852E5B72A732A3D00E49335 /* Problem.001.swift in Sources */ = {isa = PBXBuildFile; fileRef = 9852E5B62A732A3D00E49335 /* Problem.001.swift */; };
		9852E5BF2A732C6900E49335 /* Tests.LowProblems.swift in Sources */ = {isa = PBXBuildFile; fileRef = 9852E5BE2A732C6900E49335 /* Tests.LowProblems.swift */; };
		9852E5C32A732C7E00E49335 /* Problem.001.swift in Sources */ = {isa = PBXBuildFile; fileRef = 9852E5B62A732A3D00E49335 /* Problem.001.swift */; };
		9852E5C72A73DE7300E49335 /* Problem.002.swift in Sources */ = {isa = PBXBuildFile; fileRef = 9852E5C62A73DE7300E49335 /* Problem.002.swift */; };
		9852E5CA2A741D0800E49335 /* ListNode.swift in Sources */ = {isa = PBXBuildFile; fileRef = 9852E5C92A741D0800E49335 /* ListNode.swift */; };
		9852E5CB2A741D0F00E49335 /* ListNode.swift in Sources */ = {isa = PBXBuildFile; fileRef = 9852E5C92A741D0800E49335 /* ListNode.swift */; };
		9852E5CD2A74690C00E49335 /* Tests.MediumProblems.swift in Sources */ = {isa = PBXBuildFile; fileRef = 9852E5CC2A74690C00E49335 /* Tests.MediumProblems.swift */; };
		9852E5CE2A746BC500E49335 /* Problem.002.swift in Sources */ = {isa = PBXBuildFile; fileRef = 9852E5C62A73DE7300E49335 /* Problem.002.swift */; };
		9861E6162A7D108B009D495F /* Problem.1768.swift in Sources */ = {isa = PBXBuildFile; fileRef = 9861E6152A7D108B009D495F /* Problem.1768.swift */; };
		9861E6172A7D108B009D495F /* Problem.1768.swift in Sources */ = {isa = PBXBuildFile; fileRef = 9861E6152A7D108B009D495F /* Problem.1768.swift */; };
		9861E6192A7D37C3009D495F /* Tests.LeetCode75.swift in Sources */ = {isa = PBXBuildFile; fileRef = 9861E6182A7D37C2009D495F /* Tests.LeetCode75.swift */; };
		9861E61B2A7D43B6009D495F /* Problem.1071.swift in Sources */ = {isa = PBXBuildFile; fileRef = 9861E61A2A7D43B6009D495F /* Problem.1071.swift */; };
		9861E61C2A7D43B6009D495F /* Problem.1071.swift in Sources */ = {isa = PBXBuildFile; fileRef = 9861E61A2A7D43B6009D495F /* Problem.1071.swift */; };
		987F98222A82344A00D90C3D /* Problem.1431.swift in Sources */ = {isa = PBXBuildFile; fileRef = 987F98212A82344A00D90C3D /* Problem.1431.swift */; };
		987F98232A82345900D90C3D /* Problem.1431.swift in Sources */ = {isa = PBXBuildFile; fileRef = 987F98212A82344A00D90C3D /* Problem.1431.swift */; };
		987F98252A823AF800D90C3D /* Problem.605.swift in Sources */ = {isa = PBXBuildFile; fileRef = 987F98242A823AF800D90C3D /* Problem.605.swift */; };
		987F98262A823D6800D90C3D /* Problem.605.swift in Sources */ = {isa = PBXBuildFile; fileRef = 987F98242A823AF800D90C3D /* Problem.605.swift */; };
/* End PBXBuildFile section */

/* Begin PBXCopyFilesBuildPhase section */
		9852E5A92A731CA500E49335 /* CopyFiles */ = {
			isa = PBXCopyFilesBuildPhase;
			buildActionMask = 2147483647;
			dstPath = /usr/share/man/man1/;
			dstSubfolderSpec = 0;
			files = (
			);
			runOnlyForDeploymentPostprocessing = 1;
		};
/* End PBXCopyFilesBuildPhase section */

/* Begin PBXFileReference section */
		9852E5AB2A731CA500E49335 /* LeetCode.Swift */ = {isa = PBXFileReference; explicitFileType = "compiled.mach-o.executable"; includeInIndex = 0; path = LeetCode.Swift; sourceTree = BUILT_PRODUCTS_DIR; };
		9852E5AE2A731CA500E49335 /* main.swift */ = {isa = PBXFileReference; lastKnownFileType = sourcecode.swift; path = main.swift; sourceTree = "<group>"; };
		9852E5B62A732A3D00E49335 /* Problem.001.swift */ = {isa = PBXFileReference; lastKnownFileType = sourcecode.swift; path = Problem.001.swift; sourceTree = "<group>"; };
		9852E5BC2A732C6900E49335 /* LeetCode.Swift.Tests.xctest */ = {isa = PBXFileReference; explicitFileType = wrapper.cfbundle; includeInIndex = 0; path = LeetCode.Swift.Tests.xctest; sourceTree = BUILT_PRODUCTS_DIR; };
		9852E5BE2A732C6900E49335 /* Tests.LowProblems.swift */ = {isa = PBXFileReference; lastKnownFileType = sourcecode.swift; path = Tests.LowProblems.swift; sourceTree = "<group>"; };
		9852E5C62A73DE7300E49335 /* Problem.002.swift */ = {isa = PBXFileReference; lastKnownFileType = sourcecode.swift; path = Problem.002.swift; sourceTree = "<group>"; };
		9852E5C92A741D0800E49335 /* ListNode.swift */ = {isa = PBXFileReference; lastKnownFileType = sourcecode.swift; path = ListNode.swift; sourceTree = "<group>"; };
		9852E5CC2A74690C00E49335 /* Tests.MediumProblems.swift */ = {isa = PBXFileReference; lastKnownFileType = sourcecode.swift; path = Tests.MediumProblems.swift; sourceTree = "<group>"; };
		9861E6152A7D108B009D495F /* Problem.1768.swift */ = {isa = PBXFileReference; lastKnownFileType = sourcecode.swift; path = Problem.1768.swift; sourceTree = "<group>"; };
		9861E6182A7D37C2009D495F /* Tests.LeetCode75.swift */ = {isa = PBXFileReference; lastKnownFileType = sourcecode.swift; path = Tests.LeetCode75.swift; sourceTree = "<group>"; };
		9861E61A2A7D43B6009D495F /* Problem.1071.swift */ = {isa = PBXFileReference; lastKnownFileType = sourcecode.swift; path = Problem.1071.swift; sourceTree = "<group>"; };
		987F98212A82344A00D90C3D /* Problem.1431.swift */ = {isa = PBXFileReference; lastKnownFileType = sourcecode.swift; path = Problem.1431.swift; sourceTree = "<group>"; };
		987F98242A823AF800D90C3D /* Problem.605.swift */ = {isa = PBXFileReference; lastKnownFileType = sourcecode.swift; path = Problem.605.swift; sourceTree = "<group>"; };
/* End PBXFileReference section */

/* Begin PBXFrameworksBuildPhase section */
		9852E5A82A731CA500E49335 /* Frameworks */ = {
			isa = PBXFrameworksBuildPhase;
			buildActionMask = 2147483647;
			files = (
			);
			runOnlyForDeploymentPostprocessing = 0;
		};
		9852E5B92A732C6900E49335 /* Frameworks */ = {
			isa = PBXFrameworksBuildPhase;
			buildActionMask = 2147483647;
			files = (
			);
			runOnlyForDeploymentPostprocessing = 0;
		};
/* End PBXFrameworksBuildPhase section */

/* Begin PBXGroup section */
		9852E5A22A731CA500E49335 = {
			isa = PBXGroup;
			children = (
				9852E5AD2A731CA500E49335 /* LeetCode.Swift */,
				9852E5BD2A732C6900E49335 /* LeetCode.Swift.Tests */,
				9852E5AC2A731CA500E49335 /* Products */,
			);
			sourceTree = "<group>";
		};
		9852E5AC2A731CA500E49335 /* Products */ = {
			isa = PBXGroup;
			children = (
				9852E5AB2A731CA500E49335 /* LeetCode.Swift */,
				9852E5BC2A732C6900E49335 /* LeetCode.Swift.Tests.xctest */,
			);
			name = Products;
			sourceTree = "<group>";
		};
		9852E5AD2A731CA500E49335 /* LeetCode.Swift */ = {
			isa = PBXGroup;
			children = (
				9861E6142A7D102A009D495F /* LeetCode 75 */,
				9852E5C82A741C5800E49335 /* Structs */,
				9852E5B52A731F4A00E49335 /* Low Problems */,
				9852E5C52A73DE5100E49335 /* Medium Problems */,
				9852E5AE2A731CA500E49335 /* main.swift */,
			);
			path = LeetCode.Swift;
			sourceTree = "<group>";
		};
		9852E5B52A731F4A00E49335 /* Low Problems */ = {
			isa = PBXGroup;
			children = (
				9852E5B62A732A3D00E49335 /* Problem.001.swift */,
			);
			path = "Low Problems";
			sourceTree = "<group>";
		};
		9852E5BD2A732C6900E49335 /* LeetCode.Swift.Tests */ = {
			isa = PBXGroup;
			children = (
				9852E5BE2A732C6900E49335 /* Tests.LowProblems.swift */,
				9852E5CC2A74690C00E49335 /* Tests.MediumProblems.swift */,
				9861E6182A7D37C2009D495F /* Tests.LeetCode75.swift */,
			);
			path = LeetCode.Swift.Tests;
			sourceTree = "<group>";
		};
		9852E5C52A73DE5100E49335 /* Medium Problems */ = {
			isa = PBXGroup;
			children = (
				9852E5C62A73DE7300E49335 /* Problem.002.swift */,
			);
			path = "Medium Problems";
			sourceTree = "<group>";
		};
		9852E5C82A741C5800E49335 /* Structs */ = {
			isa = PBXGroup;
			children = (
				9852E5C92A741D0800E49335 /* ListNode.swift */,
			);
			path = Structs;
			sourceTree = "<group>";
		};
		9861E6142A7D102A009D495F /* LeetCode 75 */ = {
			isa = PBXGroup;
			children = (
				9861E6152A7D108B009D495F /* Problem.1768.swift */,
				9861E61A2A7D43B6009D495F /* Problem.1071.swift */,
				987F98212A82344A00D90C3D /* Problem.1431.swift */,
				987F98242A823AF800D90C3D /* Problem.605.swift */,
			);
			path = "LeetCode 75";
			sourceTree = "<group>";
		};
/* End PBXGroup section */

/* Begin PBXNativeTarget section */
		9852E5AA2A731CA500E49335 /* LeetCode.Swift */ = {
			isa = PBXNativeTarget;
			buildConfigurationList = 9852E5B22A731CA500E49335 /* Build configuration list for PBXNativeTarget "LeetCode.Swift" */;
			buildPhases = (
				9852E5A72A731CA500E49335 /* Sources */,
				9852E5A82A731CA500E49335 /* Frameworks */,
				9852E5A92A731CA500E49335 /* CopyFiles */,
			);
			buildRules = (
			);
			dependencies = (
			);
			name = LeetCode.Swift;
			productName = LeetCode.Swift;
			productReference = 9852E5AB2A731CA500E49335 /* LeetCode.Swift */;
			productType = "com.apple.product-type.tool";
		};
		9852E5BB2A732C6900E49335 /* LeetCode.Swift.Tests */ = {
			isa = PBXNativeTarget;
			buildConfigurationList = 9852E5C02A732C6900E49335 /* Build configuration list for PBXNativeTarget "LeetCode.Swift.Tests" */;
			buildPhases = (
				9852E5B82A732C6900E49335 /* Sources */,
				9852E5B92A732C6900E49335 /* Frameworks */,
				9852E5BA2A732C6900E49335 /* Resources */,
			);
			buildRules = (
			);
			dependencies = (
			);
			name = LeetCode.Swift.Tests;
			productName = LeetCode.Swift.Tests;
			productReference = 9852E5BC2A732C6900E49335 /* LeetCode.Swift.Tests.xctest */;
			productType = "com.apple.product-type.bundle.unit-test";
		};
/* End PBXNativeTarget section */

/* Begin PBXProject section */
		9852E5A32A731CA500E49335 /* Project object */ = {
			isa = PBXProject;
			attributes = {
				BuildIndependentTargetsInParallel = 1;
				LastSwiftUpdateCheck = 1420;
				LastUpgradeCheck = 1420;
				TargetAttributes = {
					9852E5AA2A731CA500E49335 = {
						CreatedOnToolsVersion = 14.2;
					};
					9852E5BB2A732C6900E49335 = {
						CreatedOnToolsVersion = 14.2;
					};
				};
			};
			buildConfigurationList = 9852E5A62A731CA500E49335 /* Build configuration list for PBXProject "LeetCode.Swift" */;
			compatibilityVersion = "Xcode 14.0";
			developmentRegion = en;
			hasScannedForEncodings = 0;
			knownRegions = (
				en,
				Base,
			);
			mainGroup = 9852E5A22A731CA500E49335;
			productRefGroup = 9852E5AC2A731CA500E49335 /* Products */;
			projectDirPath = "";
			projectRoot = "";
			targets = (
				9852E5AA2A731CA500E49335 /* LeetCode.Swift */,
				9852E5BB2A732C6900E49335 /* LeetCode.Swift.Tests */,
			);
		};
/* End PBXProject section */

/* Begin PBXResourcesBuildPhase section */
		9852E5BA2A732C6900E49335 /* Resources */ = {
			isa = PBXResourcesBuildPhase;
			buildActionMask = 2147483647;
			files = (
			);
			runOnlyForDeploymentPostprocessing = 0;
		};
/* End PBXResourcesBuildPhase section */

/* Begin PBXSourcesBuildPhase section */
		9852E5A72A731CA500E49335 /* Sources */ = {
			isa = PBXSourcesBuildPhase;
			buildActionMask = 2147483647;
			files = (
				9861E6162A7D108B009D495F /* Problem.1768.swift in Sources */,
				9852E5C72A73DE7300E49335 /* Problem.002.swift in Sources */,
				987F98222A82344A00D90C3D /* Problem.1431.swift in Sources */,
				9852E5B72A732A3D00E49335 /* Problem.001.swift in Sources */,
				9861E61B2A7D43B6009D495F /* Problem.1071.swift in Sources */,
				9852E5AF2A731CA500E49335 /* main.swift in Sources */,
				987F98252A823AF800D90C3D /* Problem.605.swift in Sources */,
				9852E5CA2A741D0800E49335 /* ListNode.swift in Sources */,
			);
			runOnlyForDeploymentPostprocessing = 0;
		};
		9852E5B82A732C6900E49335 /* Sources */ = {
			isa = PBXSourcesBuildPhase;
			buildActionMask = 2147483647;
			files = (
				987F98262A823D6800D90C3D /* Problem.605.swift in Sources */,
				9861E6192A7D37C3009D495F /* Tests.LeetCode75.swift in Sources */,
				9852E5CE2A746BC500E49335 /* Problem.002.swift in Sources */,
				9852E5BF2A732C6900E49335 /* Tests.LowProblems.swift in Sources */,
				9861E6172A7D108B009D495F /* Problem.1768.swift in Sources */,
				9852E5C32A732C7E00E49335 /* Problem.001.swift in Sources */,
				9861E61C2A7D43B6009D495F /* Problem.1071.swift in Sources */,
				987F98232A82345900D90C3D /* Problem.1431.swift in Sources */,
				9852E5CD2A74690C00E49335 /* Tests.MediumProblems.swift in Sources */,
				9852E5CB2A741D0F00E49335 /* ListNode.swift in Sources */,
			);
			runOnlyForDeploymentPostprocessing = 0;
		};
/* End PBXSourcesBuildPhase section */

/* Begin XCBuildConfiguration section */
		9852E5B02A731CA500E49335 /* Debug */ = {
			isa = XCBuildConfiguration;
			buildSettings = {
				ALWAYS_SEARCH_USER_PATHS = NO;
				CLANG_ANALYZER_NONNULL = YES;
				CLANG_ANALYZER_NUMBER_OBJECT_CONVERSION = YES_AGGRESSIVE;
				CLANG_CXX_LANGUAGE_STANDARD = "gnu++20";
				CLANG_ENABLE_MODULES = YES;
				CLANG_ENABLE_OBJC_ARC = YES;
				CLANG_ENABLE_OBJC_WEAK = YES;
				CLANG_WARN_BLOCK_CAPTURE_AUTORELEASING = YES;
				CLANG_WARN_BOOL_CONVERSION = YES;
				CLANG_WARN_COMMA = YES;
				CLANG_WARN_CONSTANT_CONVERSION = YES;
				CLANG_WARN_DEPRECATED_OBJC_IMPLEMENTATIONS = YES;
				CLANG_WARN_DIRECT_OBJC_ISA_USAGE = YES_ERROR;
				CLANG_WARN_DOCUMENTATION_COMMENTS = YES;
				CLANG_WARN_EMPTY_BODY = YES;
				CLANG_WARN_ENUM_CONVERSION = YES;
				CLANG_WARN_INFINITE_RECURSION = YES;
				CLANG_WARN_INT_CONVERSION = YES;
				CLANG_WARN_NON_LITERAL_NULL_CONVERSION = YES;
				CLANG_WARN_OBJC_IMPLICIT_RETAIN_SELF = YES;
				CLANG_WARN_OBJC_LITERAL_CONVERSION = YES;
				CLANG_WARN_OBJC_ROOT_CLASS = YES_ERROR;
				CLANG_WARN_QUOTED_INCLUDE_IN_FRAMEWORK_HEADER = YES;
				CLANG_WARN_RANGE_LOOP_ANALYSIS = YES;
				CLANG_WARN_STRICT_PROTOTYPES = YES;
				CLANG_WARN_SUSPICIOUS_MOVE = YES;
				CLANG_WARN_UNGUARDED_AVAILABILITY = YES_AGGRESSIVE;
				CLANG_WARN_UNREACHABLE_CODE = YES;
				CLANG_WARN__DUPLICATE_METHOD_MATCH = YES;
				COPY_PHASE_STRIP = NO;
				DEBUG_INFORMATION_FORMAT = dwarf;
				ENABLE_STRICT_OBJC_MSGSEND = YES;
				ENABLE_TESTABILITY = YES;
				GCC_C_LANGUAGE_STANDARD = gnu11;
				GCC_DYNAMIC_NO_PIC = NO;
				GCC_NO_COMMON_BLOCKS = YES;
				GCC_OPTIMIZATION_LEVEL = 0;
				GCC_PREPROCESSOR_DEFINITIONS = (
					"DEBUG=1",
					"$(inherited)",
				);
				GCC_WARN_64_TO_32_BIT_CONVERSION = YES;
				GCC_WARN_ABOUT_RETURN_TYPE = YES_ERROR;
				GCC_WARN_UNDECLARED_SELECTOR = YES;
				GCC_WARN_UNINITIALIZED_AUTOS = YES_AGGRESSIVE;
				GCC_WARN_UNUSED_FUNCTION = YES;
				GCC_WARN_UNUSED_VARIABLE = YES;
				MACOSX_DEPLOYMENT_TARGET = 12.6;
				MTL_ENABLE_DEBUG_INFO = INCLUDE_SOURCE;
				MTL_FAST_MATH = YES;
				ONLY_ACTIVE_ARCH = YES;
				SDKROOT = macosx;
				SWIFT_ACTIVE_COMPILATION_CONDITIONS = DEBUG;
				SWIFT_OPTIMIZATION_LEVEL = "-Onone";
			};
			name = Debug;
		};
		9852E5B12A731CA500E49335 /* Release */ = {
			isa = XCBuildConfiguration;
			buildSettings = {
				ALWAYS_SEARCH_USER_PATHS = NO;
				CLANG_ANALYZER_NONNULL = YES;
				CLANG_ANALYZER_NUMBER_OBJECT_CONVERSION = YES_AGGRESSIVE;
				CLANG_CXX_LANGUAGE_STANDARD = "gnu++20";
				CLANG_ENABLE_MODULES = YES;
				CLANG_ENABLE_OBJC_ARC = YES;
				CLANG_ENABLE_OBJC_WEAK = YES;
				CLANG_WARN_BLOCK_CAPTURE_AUTORELEASING = YES;
				CLANG_WARN_BOOL_CONVERSION = YES;
				CLANG_WARN_COMMA = YES;
				CLANG_WARN_CONSTANT_CONVERSION = YES;
				CLANG_WARN_DEPRECATED_OBJC_IMPLEMENTATIONS = YES;
				CLANG_WARN_DIRECT_OBJC_ISA_USAGE = YES_ERROR;
				CLANG_WARN_DOCUMENTATION_COMMENTS = YES;
				CLANG_WARN_EMPTY_BODY = YES;
				CLANG_WARN_ENUM_CONVERSION = YES;
				CLANG_WARN_INFINITE_RECURSION = YES;
				CLANG_WARN_INT_CONVERSION = YES;
				CLANG_WARN_NON_LITERAL_NULL_CONVERSION = YES;
				CLANG_WARN_OBJC_IMPLICIT_RETAIN_SELF = YES;
				CLANG_WARN_OBJC_LITERAL_CONVERSION = YES;
				CLANG_WARN_OBJC_ROOT_CLASS = YES_ERROR;
				CLANG_WARN_QUOTED_INCLUDE_IN_FRAMEWORK_HEADER = YES;
				CLANG_WARN_RANGE_LOOP_ANALYSIS = YES;
				CLANG_WARN_STRICT_PROTOTYPES = YES;
				CLANG_WARN_SUSPICIOUS_MOVE = YES;
				CLANG_WARN_UNGUARDED_AVAILABILITY = YES_AGGRESSIVE;
				CLANG_WARN_UNREACHABLE_CODE = YES;
				CLANG_WARN__DUPLICATE_METHOD_MATCH = YES;
				COPY_PHASE_STRIP = NO;
				DEBUG_INFORMATION_FORMAT = "dwarf-with-dsym";
				ENABLE_NS_ASSERTIONS = NO;
				ENABLE_STRICT_OBJC_MSGSEND = YES;
				GCC_C_LANGUAGE_STANDARD = gnu11;
				GCC_NO_COMMON_BLOCKS = YES;
				GCC_WARN_64_TO_32_BIT_CONVERSION = YES;
				GCC_WARN_ABOUT_RETURN_TYPE = YES_ERROR;
				GCC_WARN_UNDECLARED_SELECTOR = YES;
				GCC_WARN_UNINITIALIZED_AUTOS = YES_AGGRESSIVE;
				GCC_WARN_UNUSED_FUNCTION = YES;
				GCC_WARN_UNUSED_VARIABLE = YES;
				MACOSX_DEPLOYMENT_TARGET = 12.6;
				MTL_ENABLE_DEBUG_INFO = NO;
				MTL_FAST_MATH = YES;
				SDKROOT = macosx;
				SWIFT_COMPILATION_MODE = wholemodule;
				SWIFT_OPTIMIZATION_LEVEL = "-O";
			};
			name = Release;
		};
		9852E5B32A731CA500E49335 /* Debug */ = {
			isa = XCBuildConfiguration;
			buildSettings = {
				CODE_SIGN_STYLE = Automatic;
				DEVELOPMENT_TEAM = 8FA6F58X42;
				ENABLE_HARDENED_RUNTIME = YES;
				PRODUCT_NAME = "$(TARGET_NAME)";
				SWIFT_VERSION = 5.0;
			};
			name = Debug;
		};
		9852E5B42A731CA500E49335 /* Release */ = {
			isa = XCBuildConfiguration;
			buildSettings = {
				CODE_SIGN_STYLE = Automatic;
				DEVELOPMENT_TEAM = 8FA6F58X42;
				ENABLE_HARDENED_RUNTIME = YES;
				PRODUCT_NAME = "$(TARGET_NAME)";
				SWIFT_VERSION = 5.0;
			};
			name = Release;
		};
		9852E5C12A732C6900E49335 /* Debug */ = {
			isa = XCBuildConfiguration;
			buildSettings = {
				CODE_SIGN_STYLE = Automatic;
				CURRENT_PROJECT_VERSION = 1;
				DEVELOPMENT_TEAM = 8FA6F58X42;
				GENERATE_INFOPLIST_FILE = YES;
				MARKETING_VERSION = 1.0;
				PRODUCT_BUNDLE_IDENTIFIER = "ru.koteika19.LeetCode-Swift-Tests";
				PRODUCT_NAME = "$(TARGET_NAME)";
				SWIFT_EMIT_LOC_STRINGS = NO;
				SWIFT_VERSION = 5.0;
			};
			name = Debug;
		};
		9852E5C22A732C6900E49335 /* Release */ = {
			isa = XCBuildConfiguration;
			buildSettings = {
				CODE_SIGN_STYLE = Automatic;
				CURRENT_PROJECT_VERSION = 1;
				DEVELOPMENT_TEAM = 8FA6F58X42;
				GENERATE_INFOPLIST_FILE = YES;
				MARKETING_VERSION = 1.0;
				PRODUCT_BUNDLE_IDENTIFIER = "ru.koteika19.LeetCode-Swift-Tests";
				PRODUCT_NAME = "$(TARGET_NAME)";
				SWIFT_EMIT_LOC_STRINGS = NO;
				SWIFT_VERSION = 5.0;
			};
			name = Release;
		};
/* End XCBuildConfiguration section */

/* Begin XCConfigurationList section */
		9852E5A62A731CA500E49335 /* Build configuration list for PBXProject "LeetCode.Swift" */ = {
			isa = XCConfigurationList;
			buildConfigurations = (
				9852E5B02A731CA500E49335 /* Debug */,
				9852E5B12A731CA500E49335 /* Release */,
			);
			defaultConfigurationIsVisible = 0;
			defaultConfigurationName = Release;
		};
		9852E5B22A731CA500E49335 /* Build configuration list for PBXNativeTarget "LeetCode.Swift" */ = {
			isa = XCConfigurationList;
			buildConfigurations = (
				9852E5B32A731CA500E49335 /* Debug */,
				9852E5B42A731CA500E49335 /* Release */,
			);
			defaultConfigurationIsVisible = 0;
			defaultConfigurationName = Release;
		};
		9852E5C02A732C6900E49335 /* Build configuration list for PBXNativeTarget "LeetCode.Swift.Tests" */ = {
			isa = XCConfigurationList;
			buildConfigurations = (
				9852E5C12A732C6900E49335 /* Debug */,
				9852E5C22A732C6900E49335 /* Release */,
			);
			defaultConfigurationIsVisible = 0;
			defaultConfigurationName = Release;
		};
/* End XCConfigurationList section */
	};
	rootObject = 9852E5A32A731CA500E49335 /* Project object */;
}
